<?xml version="1.0" encoding="utf-8"?>
<Project ToolsVersion="4.0" xmlns="http://schemas.microsoft.com/developer/msbuild/2003">
  <ItemGroup>
    <ClCompile Include="APropos.cpp">
      <Filter>Source</Filter>
    </ClCompile>
    <ClCompile Include="Babel.cpp">
      <Filter>Source</Filter>
    </ClCompile>
    <ClCompile Include="CallWindow.cpp">
      <Filter>Source</Filter>
    </ClCompile>
    <ClCompile Include="ContactList.cpp">
      <Filter>Source</Filter>
    </ClCompile>
    <ClCompile Include="HandleProtocol.cpp">
      <Filter>Source</Filter>
    </ClCompile>
    <ClCompile Include="HandleSocket.cpp">
      <Filter>Source</Filter>
    </ClCompile>
    <ClCompile Include="Hash.cpp">
      <Filter>Source</Filter>
    </ClCompile>
    <ClCompile Include="loginscreen.cpp">
      <Filter>Source</Filter>
    </ClCompile>
    <ClCompile Include="main.cpp">
      <Filter>Source</Filter>
    </ClCompile>
    <ClCompile Include="MainMenu.cpp">
      <Filter>Source</Filter>
    </ClCompile>
    <ClCompile Include="GeneratedFiles\Release\moc_HandleSocket.cpp">
      <Filter>garbage</Filter>
    </ClCompile>
    <ClCompile Include="GeneratedFiles\Debug\moc_HandleSocket.cpp">
      <Filter>garbage</Filter>
    </ClCompile>
    <ClCompile Include="ParserXML.cpp">
      <Filter>Source</Filter>
    </ClCompile>
    <ClCompile Include="GeneratedFiles\qrc_loginscreen.cpp">
      <Filter>garbage</Filter>
    </ClCompile>
    <ClCompile Include="GeneratedFiles\Debug\moc_Babel.cpp">
      <Filter>Generated Files\Debug</Filter>
    </ClCompile>
    <ClCompile Include="GeneratedFiles\Release\moc_Babel.cpp">
      <Filter>Generated Files\Release</Filter>
    </ClCompile>
    <ClCompile Include="GeneratedFiles\Debug\moc_loginscreen.cpp">
      <Filter>Generated Files\Debug</Filter>
    </ClCompile>
    <ClCompile Include="GeneratedFiles\Release\moc_loginscreen.cpp">
      <Filter>Generated Files\Release</Filter>
    </ClCompile>
    <ClCompile Include="addWindow.cpp">
      <Filter>Generated Files</Filter>
    </ClCompile>
  </ItemGroup>
  <ItemGroup>
    <ClInclude Include="APropos.h">
      <Filter>Header</Filter>
    </ClInclude>
    <ClInclude Include="HandleProtocol.h">
      <Filter>Header</Filter>
    </ClInclude>
    <ClInclude Include="Hash.h">
      <Filter>Header</Filter>
    </ClInclude>
    <ClInclude Include="InterfaceProtocol.h">
      <Filter>Header</Filter>
    </ClInclude>
    <ClInclude Include="ParserXML.hh">
      <Filter>Header</Filter>
    </ClInclude>
    <ClInclude Include="Protocol.h">
      <Filter>Header</Filter>
    </ClInclude>
    <ClInclude Include="GeneratedFiles\ui_loginscreen.h">
      <Filter>garbage</Filter>
    </ClInclude>
    <ClInclude Include="addWindow.h">
      <Filter>Generated Files</Filter>
    </ClInclude>
  </ItemGroup>
  <ItemGroup>
    <CustomBuild Include="CallWindow.h">
      <Filter>Header</Filter>
    </CustomBuild>
    <CustomBuild Include="ContactList.h">
      <Filter>Header</Filter>
    </CustomBuild>
    <CustomBuild Include="HandleSocket.h">
      <Filter>Header</Filter>
    </CustomBuild>
    <CustomBuild Include="loginscreen.h">
      <Filter>Header</Filter>
    </CustomBuild>
    <CustomBuild Include="MainMenu.h">
      <Filter>Header</Filter>
    </CustomBuild>
    <CustomBuild Include="loginscreen.qrc">
      <Filter>garbage</Filter>
    </CustomBuild>
    <CustomBuild Include="loginscreen.ui">
      <Filter>garbage</Filter>
    </CustomBuild>
    <CustomBuild Include="Babel.h">
      <Filter>Header</Filter>
    </CustomBuild>
    <CustomBuild Include="IGraphique.h">
      <Filter>Header</Filter>
    </CustomBuild>
  </ItemGroup>
  <ItemGroup>
    <Filter Include="Source">
      <UniqueIdentifier>{0ad6d29b-47f5-4512-9851-b42c672024ac}</UniqueIdentifier>
    </Filter>
    <Filter Include="Header">
      <UniqueIdentifier>{9be2e291-4667-477b-afec-1c3e187d1c06}</UniqueIdentifier>
    </Filter>
    <Filter Include="garbage">
      <UniqueIdentifier>{bbf34ff9-037c-4eb9-ae0a-abe59b47ea6c}</UniqueIdentifier>
    </Filter>
    <Filter Include="Generated Files">
      <UniqueIdentifier>{71ED8ED8-ACB9-4CE9-BBE1-E00B30144E11}</UniqueIdentifier>
      <Extensions>moc;h;cpp</Extensions>
      <ParseFiles>true</ParseFiles>
    </Filter>
    <Filter Include="Generated Files\Debug">
      <UniqueIdentifier>{db235782-83fd-49cf-9d23-4cb40600ba84}</UniqueIdentifier>
      <Extensions>cpp;moc</Extensions>
      <SourceControlFiles>False</SourceControlFiles>
    </Filter>
    <Filter Include="Generated Files\Release">
      <UniqueIdentifier>{5a7040a6-ab92-4a7a-b4e9-c82cfcc0079f}</UniqueIdentifier>
      <Extensions>cpp;moc</Extensions>
      <SourceControlFiles>False</SourceControlFiles>
    </Filter>
  </ItemGroup>
</Project>