<?xml version="1.0" encoding="utf-8"?>
<Project ToolsVersion="4.0" xmlns="http://schemas.microsoft.com/developer/msbuild/2003">
  <ItemGroup>
    <ClCompile Include="main.cpp">
      <Filter>Source</Filter>
    </ClCompile>
    <ClCompile Include="Hash.cpp">
      <Filter>Source</Filter>
    </ClCompile>
    <ClCompile Include="loginscreen.cpp">
      <Filter>Source</Filter>
    </ClCompile>
    <ClCompile Include="MainMenu.cpp">
      <Filter>Source</Filter>
    </ClCompile>
    <ClCompile Include="GeneratedFiles\Debug\moc_loginscreen.cpp">
      <Filter>Garbage</Filter>
    </ClCompile>
    <ClCompile Include="GeneratedFiles\Release\moc_loginscreen.cpp">
      <Filter>Garbage</Filter>
    </ClCompile>
    <ClCompile Include="GeneratedFiles\qrc_loginscreen.cpp">
      <Filter>Garbage</Filter>
    </ClCompile>
  </ItemGroup>
  <ItemGroup>
    <ClInclude Include="Hash.h">
      <Filter>Header Files</Filter>
    </ClInclude>
    <ClInclude Include="MainMenu.h">
      <Filter>Header Files</Filter>
    </ClInclude>
    <ClInclude Include="GeneratedFiles\ui_loginscreen.h">
      <Filter>Garbage</Filter>
    </ClInclude>
  </ItemGroup>
  <ItemGroup>
    <CustomBuild Include="loginscreen.h">
      <Filter>Header Files</Filter>
    </CustomBuild>
    <CustomBuild Include="loginscreen.qrc">
      <Filter>Garbage</Filter>
    </CustomBuild>
    <CustomBuild Include="loginscreen.ui">
      <Filter>Garbage</Filter>
    </CustomBuild>
  </ItemGroup>
  <ItemGroup>
    <Filter Include="Header Files">
      <UniqueIdentifier>{93995380-89BD-4b04-88EB-625FBE52EBFB}</UniqueIdentifier>
      <Extensions>h</Extensions>
      <ParseFiles>true</ParseFiles>
    </Filter>
    <Filter Include="Source">
      <UniqueIdentifier>{10be3a08-76a8-4ef7-ba02-413865f1cbf8}</UniqueIdentifier>
    </Filter>
    <Filter Include="Garbage">
      <UniqueIdentifier>{7101b87d-c5c5-4073-a3a0-ae638bb3c7cd}</UniqueIdentifier>
    </Filter>
  </ItemGroup>
</Project>